
Microsoft Visual Studio Solution File, Format Version 12.00
# Visual Studio Version 16
VisualStudioVersion = 16.0.31702.278
MinimumVisualStudioVersion = 10.0.40219.1
Project("{FAE04EC0-301F-11D3-BF4B-00C04F79EFBC}") = "CurrencyConverter_Database", "CurrencyConverter_Database\CurrencyConverter_Database.csproj", "{512726B9-D360-4C86-9E0E-5048A38C86E6}"
EndProject
Global
	GlobalSection(SolutionConfigurationPlatforms) = preSolution
		Debug|Any CPU = Debug|Any CPU
		Release|Any CPU = Release|Any CPU
	EndGlobalSection
	GlobalSection(ProjectConfigurationPlatforms) = postSolution
		{512726B9-D360-4C86-9E0E-5048A38C86E6}.Debug|Any CPU.ActiveCfg = Debug|Any CPU
		{512726B9-D360-4C86-9E0E-5048A38C86E6}.Debug|Any CPU.Build.0 = Debug|Any CPU
		{512726B9-D360-4C86-9E0E-5048A38C86E6}.Release|Any CPU.ActiveCfg = Release|Any CPU
		{512726B9-D360-4C86-9E0E-5048A38C86E6}.Release|Any CPU.Build.0 = Release|Any CPU
	EndGlobalSection
	GlobalSection(SolutionProperties) = preSolution
		HideSolutionNode = FALSE
	EndGlobalSection
	GlobalSection(ExtensibilityGlobals) = postSolution
		SolutionGuid = {D1BC4170-9BFC-47E7-BDBE-BE103AB819B4}
	EndGlobalSection
EndGlobal
